
Microsoft Visual Studio Solution File, Format Version 12.00
# Visual Studio 15
VisualStudioVersion = 15.0.26430.12
MinimumVisualStudioVersion = 10.0.40219.1
Project("{FAE04EC0-301F-11D3-BF4B-00C04F79EFBC}") = "Equator", "Equator\Equator.csproj", "{7115494A-7AB2-4126-B2A6-CF027484C1BD}"
EndProject
Project("{262852C6-CD72-467D-83FE-5EEB1973A190}") = "EquatorBridge", "EquatorBridge\EquatorBridge.jsproj", "{0C4F59F6-59F8-4D33-BD81-B0C5DE84A721}"
EndProject
Global
	GlobalSection(SolutionConfigurationPlatforms) = preSolution
		32|Any CPU = 32|Any CPU
		32|ARM = 32|ARM
		32|x64 = 32|x64
		32|x86 = 32|x86
		Debug|Any CPU = Debug|Any CPU
		Debug|ARM = Debug|ARM
		Debug|x64 = Debug|x64
		Debug|x86 = Debug|x86
		Equator x64|Any CPU = Equator x64|Any CPU
		Equator x64|ARM = Equator x64|ARM
		Equator x64|x64 = Equator x64|x64
		Equator x64|x86 = Equator x64|x86
		Release|Any CPU = Release|Any CPU
		Release|ARM = Release|ARM
		Release|x64 = Release|x64
		Release|x86 = Release|x86
	EndGlobalSection
	GlobalSection(ProjectConfigurationPlatforms) = postSolution
		{7115494A-7AB2-4126-B2A6-CF027484C1BD}.32|Any CPU.ActiveCfg = Release|Any CPU
		{7115494A-7AB2-4126-B2A6-CF027484C1BD}.32|Any CPU.Build.0 = Release|Any CPU
		{7115494A-7AB2-4126-B2A6-CF027484C1BD}.32|ARM.ActiveCfg = Debug|Any CPU
		{7115494A-7AB2-4126-B2A6-CF027484C1BD}.32|ARM.Build.0 = Debug|Any CPU
		{7115494A-7AB2-4126-B2A6-CF027484C1BD}.32|x64.ActiveCfg = Release|x64
		{7115494A-7AB2-4126-B2A6-CF027484C1BD}.32|x64.Build.0 = Release|x64
		{7115494A-7AB2-4126-B2A6-CF027484C1BD}.32|x86.ActiveCfg = Release|x86
		{7115494A-7AB2-4126-B2A6-CF027484C1BD}.32|x86.Build.0 = Release|x86
		{7115494A-7AB2-4126-B2A6-CF027484C1BD}.Debug|Any CPU.ActiveCfg = Debug|Any CPU
		{7115494A-7AB2-4126-B2A6-CF027484C1BD}.Debug|Any CPU.Build.0 = Debug|Any CPU
		{7115494A-7AB2-4126-B2A6-CF027484C1BD}.Debug|ARM.ActiveCfg = Debug|Any CPU
		{7115494A-7AB2-4126-B2A6-CF027484C1BD}.Debug|ARM.Build.0 = Debug|Any CPU
		{7115494A-7AB2-4126-B2A6-CF027484C1BD}.Debug|x64.ActiveCfg = Debug|x64
		{7115494A-7AB2-4126-B2A6-CF027484C1BD}.Debug|x64.Build.0 = Debug|x64
		{7115494A-7AB2-4126-B2A6-CF027484C1BD}.Debug|x86.ActiveCfg = Debug|x86
		{7115494A-7AB2-4126-B2A6-CF027484C1BD}.Debug|x86.Build.0 = Debug|x86
		{7115494A-7AB2-4126-B2A6-CF027484C1BD}.Equator x64|Any CPU.ActiveCfg = Release|Any CPU
		{7115494A-7AB2-4126-B2A6-CF027484C1BD}.Equator x64|Any CPU.Build.0 = Release|Any CPU
		{7115494A-7AB2-4126-B2A6-CF027484C1BD}.Equator x64|ARM.ActiveCfg = Debug|Any CPU
		{7115494A-7AB2-4126-B2A6-CF027484C1BD}.Equator x64|ARM.Build.0 = Debug|Any CPU
		{7115494A-7AB2-4126-B2A6-CF027484C1BD}.Equator x64|x64.ActiveCfg = Release|x64
		{7115494A-7AB2-4126-B2A6-CF027484C1BD}.Equator x64|x64.Build.0 = Release|x64
		{7115494A-7AB2-4126-B2A6-CF027484C1BD}.Equator x64|x86.ActiveCfg = Release|x86
		{7115494A-7AB2-4126-B2A6-CF027484C1BD}.Equator x64|x86.Build.0 = Release|x86
		{7115494A-7AB2-4126-B2A6-CF027484C1BD}.Release|Any CPU.ActiveCfg = Release|Any CPU
		{7115494A-7AB2-4126-B2A6-CF027484C1BD}.Release|Any CPU.Build.0 = Release|Any CPU
		{7115494A-7AB2-4126-B2A6-CF027484C1BD}.Release|ARM.ActiveCfg = Release|Any CPU
		{7115494A-7AB2-4126-B2A6-CF027484C1BD}.Release|ARM.Build.0 = Release|Any CPU
		{7115494A-7AB2-4126-B2A6-CF027484C1BD}.Release|x64.ActiveCfg = Release|x64
		{7115494A-7AB2-4126-B2A6-CF027484C1BD}.Release|x64.Build.0 = Release|x64
		{7115494A-7AB2-4126-B2A6-CF027484C1BD}.Release|x86.ActiveCfg = Release|x86
		{7115494A-7AB2-4126-B2A6-CF027484C1BD}.Release|x86.Build.0 = Release|x86
		{0C4F59F6-59F8-4D33-BD81-B0C5DE84A721}.32|Any CPU.ActiveCfg = Debug|Any CPU
		{0C4F59F6-59F8-4D33-BD81-B0C5DE84A721}.32|Any CPU.Build.0 = Debug|Any CPU
		{0C4F59F6-59F8-4D33-BD81-B0C5DE84A721}.32|Any CPU.Deploy.0 = Debug|Any CPU
		{0C4F59F6-59F8-4D33-BD81-B0C5DE84A721}.32|ARM.ActiveCfg = Release|ARM
		{0C4F59F6-59F8-4D33-BD81-B0C5DE84A721}.32|ARM.Build.0 = Release|ARM
		{0C4F59F6-59F8-4D33-BD81-B0C5DE84A721}.32|ARM.Deploy.0 = Release|ARM
		{0C4F59F6-59F8-4D33-BD81-B0C5DE84A721}.32|x64.ActiveCfg = Release|x64
		{0C4F59F6-59F8-4D33-BD81-B0C5DE84A721}.32|x64.Build.0 = Release|x64
		{0C4F59F6-59F8-4D33-BD81-B0C5DE84A721}.32|x64.Deploy.0 = Release|x64
		{0C4F59F6-59F8-4D33-BD81-B0C5DE84A721}.32|x86.ActiveCfg = Release|x86
		{0C4F59F6-59F8-4D33-BD81-B0C5DE84A721}.32|x86.Build.0 = Release|x86
		{0C4F59F6-59F8-4D33-BD81-B0C5DE84A721}.32|x86.Deploy.0 = Release|x86
		{0C4F59F6-59F8-4D33-BD81-B0C5DE84A721}.Debug|Any CPU.ActiveCfg = Debug|Any CPU
		{0C4F59F6-59F8-4D33-BD81-B0C5DE84A721}.Debug|Any CPU.Build.0 = Debug|Any CPU
		{0C4F59F6-59F8-4D33-BD81-B0C5DE84A721}.Debug|Any CPU.Deploy.0 = Debug|Any CPU
		{0C4F59F6-59F8-4D33-BD81-B0C5DE84A721}.Debug|ARM.ActiveCfg = Debug|ARM
		{0C4F59F6-59F8-4D33-BD81-B0C5DE84A721}.Debug|ARM.Build.0 = Debug|ARM
		{0C4F59F6-59F8-4D33-BD81-B0C5DE84A721}.Debug|ARM.Deploy.0 = Debug|ARM
		{0C4F59F6-59F8-4D33-BD81-B0C5DE84A721}.Debug|x64.ActiveCfg = Debug|x64
		{0C4F59F6-59F8-4D33-BD81-B0C5DE84A721}.Debug|x64.Build.0 = Debug|x64
		{0C4F59F6-59F8-4D33-BD81-B0C5DE84A721}.Debug|x64.Deploy.0 = Debug|x64
		{0C4F59F6-59F8-4D33-BD81-B0C5DE84A721}.Debug|x86.ActiveCfg = Debug|x86
		{0C4F59F6-59F8-4D33-BD81-B0C5DE84A721}.Debug|x86.Build.0 = Debug|x86
		{0C4F59F6-59F8-4D33-BD81-B0C5DE84A721}.Debug|x86.Deploy.0 = Debug|x86
		{0C4F59F6-59F8-4D33-BD81-B0C5DE84A721}.Equator x64|Any CPU.ActiveCfg = Debug|Any CPU
		{0C4F59F6-59F8-4D33-BD81-B0C5DE84A721}.Equator x64|Any CPU.Build.0 = Debug|Any CPU
		{0C4F59F6-59F8-4D33-BD81-B0C5DE84A721}.Equator x64|Any CPU.Deploy.0 = Debug|Any CPU
		{0C4F59F6-59F8-4D33-BD81-B0C5DE84A721}.Equator x64|ARM.ActiveCfg = Release|ARM
		{0C4F59F6-59F8-4D33-BD81-B0C5DE84A721}.Equator x64|ARM.Build.0 = Release|ARM
		{0C4F59F6-59F8-4D33-BD81-B0C5DE84A721}.Equator x64|ARM.Deploy.0 = Release|ARM
		{0C4F59F6-59F8-4D33-BD81-B0C5DE84A721}.Equator x64|x64.ActiveCfg = Release|x64
		{0C4F59F6-59F8-4D33-BD81-B0C5DE84A721}.Equator x64|x64.Build.0 = Release|x64
		{0C4F59F6-59F8-4D33-BD81-B0C5DE84A721}.Equator x64|x64.Deploy.0 = Release|x64
		{0C4F59F6-59F8-4D33-BD81-B0C5DE84A721}.Equator x64|x86.ActiveCfg = Release|x86
		{0C4F59F6-59F8-4D33-BD81-B0C5DE84A721}.Equator x64|x86.Build.0 = Release|x86
		{0C4F59F6-59F8-4D33-BD81-B0C5DE84A721}.Equator x64|x86.Deploy.0 = Release|x86
		{0C4F59F6-59F8-4D33-BD81-B0C5DE84A721}.Release|Any CPU.ActiveCfg = Release|Any CPU
		{0C4F59F6-59F8-4D33-BD81-B0C5DE84A721}.Release|Any CPU.Build.0 = Release|Any CPU
		{0C4F59F6-59F8-4D33-BD81-B0C5DE84A721}.Release|Any CPU.Deploy.0 = Release|Any CPU
		{0C4F59F6-59F8-4D33-BD81-B0C5DE84A721}.Release|ARM.ActiveCfg = Release|ARM
		{0C4F59F6-59F8-4D33-BD81-B0C5DE84A721}.Release|ARM.Build.0 = Release|ARM
		{0C4F59F6-59F8-4D33-BD81-B0C5DE84A721}.Release|ARM.Deploy.0 = Release|ARM
		{0C4F59F6-59F8-4D33-BD81-B0C5DE84A721}.Release|x64.ActiveCfg = Release|x64
		{0C4F59F6-59F8-4D33-BD81-B0C5DE84A721}.Release|x64.Build.0 = Release|x64
		{0C4F59F6-59F8-4D33-BD81-B0C5DE84A721}.Release|x64.Deploy.0 = Release|x64
		{0C4F59F6-59F8-4D33-BD81-B0C5DE84A721}.Release|x86.ActiveCfg = Release|x86
		{0C4F59F6-59F8-4D33-BD81-B0C5DE84A721}.Release|x86.Build.0 = Release|x86
		{0C4F59F6-59F8-4D33-BD81-B0C5DE84A721}.Release|x86.Deploy.0 = Release|x86
	EndGlobalSection
	GlobalSection(SolutionProperties) = preSolution
		HideSolutionNode = FALSE
	EndGlobalSection
EndGlobal
